lockfileVersion: '9.0'

settings:
  autoInstallPeers: true
  excludeLinksFromLockfile: false

importers:

  .:
    devDependencies:
      '@alis-is/starlight':
        specifier: https://codeload.github.com/alis-is/starlight/tar.gz/fa5483fdce64acb0b340c99e4d6cafe71654f981
        version: https://codeload.github.com/alis-is/starlight/tar.gz/fa5483fdce64acb0b340c99e4d6cafe71654f981(svelte@5.57.1)
      '@sveltejs/adapter-static':
        specifier: ^3.0.10
        version: 3.0.10(@sveltejs/kit@2.70.3(@sveltejs/vite-plugin-svelte@6.2.4(svelte@5.57.1)(vite@7.3.6(@types/node@22.20.4)(sass@1.104.1)))(svelte@5.57.1)(typescript@5.9.3)(vite@7.3.6(@types/node@22.20.4)(sass@1.104.1)))
      '@sveltejs/kit':
        specifier: ^2.70.3
        version: 2.70.3(@sveltejs/vite-plugin-svelte@6.2.4(svelte@5.57.1)(vite@7.3.6(@types/node@22.20.4)(sass@1.104.1)))(svelte@5.57.1)(typescript@5.9.3)(vite@7.3.6(@types/node@22.20.4)(sass@1.104.1))
      '@sveltejs/vite-plugin-svelte':
        specifier: ^6.2.4
        version: 6.2.4(svelte@5.57.1)(vite@7.3.6(@types/node@22.20.4)(sass@1.104.1))
      '@types/node':
        specifier: ^22.0.0
        version: 22.20.4
      marked:
        specifier: ^17.0.0
        version: 17.0.6
      sass:
        specifier: ^1.97.3
        version: 1.104.1
      svelte:
        specifier: ^5.55.1
        version: 5.57.1
      svelte-check:
        specifier: ^4.4.2
        version: 4.7.6(picomatch@4.0.7)(svelte@5.57.1)(typescript@5.9.3)
      typescript:
        specifier: ^5.9.3
        version: 5.9.3
      vite:
        specifier: ^7.3.1
        version: 7.3.6(@types/node@22.20.4)(sass@1.104.1)

packages:

  '@alis-is/starlight@https://codeload.github.com/alis-is/starlight/tar.gz/fa5483fdce64acb0b340c99e4d6cafe71654f981':
    resolution: {tarball: https://codeload.github.com/alis-is/starlight/tar.gz/fa5483fdce64acb0b340c99e4d6cafe71654f981}
    version: 0.2.6
    engines: {node: '>=20', pnpm: '>=10'}
    peerDependencies:
      '@xterm/addon-fit': ^0.11.0
      '@xterm/xterm': ^6.0.0
      svelte: ^5.0.0
    peerDependenciesMeta:
      '@xterm/addon-fit':
        optional: true
      '@xterm/xterm':
        optional: true

  '@esbuild/aix-ppc64@0.28.2':
    resolution: {integrity: sha512-XExcO+dvLKvVtNTibSTBej1NCAbaGhWn9Ww1ZPx80qsahhPFe/8jgWP0IchNe0F3HwkU7n8ejhH8bjonqht8mQ==}
    engines: {node: '>=18'}
    cpu: [ppc64]
    os: [aix]

  '@esbuild/android-arm64@0.28.2':
    resolution: {integrity: sha512-5YfKeeI8qWfBZIX+u2xZC3Zlb3Os/gLS2sbEKM+I4ZOcsWmHS2WLysCcQZDAFRslDUU5Oiq44gf6PYN1vGwG5A==}
    engines: {node: '>=18'}
    cpu: [arm64]
    os: [android]

  '@esbuild/android-arm@0.28.2':
    resolution: {integrity: sha512-kXXoiPVVGQcnIYGOeaovwOURpniDBpSq4A03qkQ+BMQqtGG6HYap3xne9C1O1yo4TR3qxlCX5IqqmX6fFo2Lqg==}
    engines: {node: '>=18'}
    cpu: [arm]
    os: [android]

  '@esbuild/android-x64@0.28.2':
    resolution: {integrity: sha512-O387ite7SzUyCcy3JQX4P4bLtEA7bLLkx+esve5JHnyYfNTxcVpXZo9jhdB0lTKN44gztELTdU7nS8Nr16Fs1Q==}
    engines: {node: '>=18'}
    cpu: [x64]
    os: [android]

  '@esbuild/darwin-arm64@0.28.2':
    resolution: {integrity: sha512-n4KqkOQrraxHJcgjM1RvwbigfQKIKJVpM7xp+KsxiyUSrRdIXnt73VhrPAx0fV44hgfmIVKjxMN9J1t5jySVkw==}
    engines: {node: '>=18'}
    cpu: [arm64]
    os: [darwin]

  '@esbuild/darwin-x64@0.28.2':
    resolution: {integrity: sha512-uq6suIWYP37qzGddBKPw5QEQPi6HiLGsO7UmkpfyaYNQ3D+rN6w6WfwH+nuqcGXWvawGwxOEroO4YGnFh95azw==}
    engines: {node: '>=18'}
    cpu: [x64]
    os: [darwin]

  '@esbuild/freebsd-arm64@0.28.2':
    resolution: {integrity: sha512-n+I0BTSRIoy+d6RPKnEVwql5UwBJolytvY4mAOIEJorKlqgPII8ix6slVVrfZ5Tnj7glIZvloylbB/EJPMWEXw==}
    engines: {node: '>=18'}
    cpu: [arm64]
    os: [freebsd]

  '@esbuild/freebsd-x64@0.28.2':
    resolution: {integrity: sha512-78XJTJkvPs0kz2w61301PJjXl4g7q3JqiYMZ/M/yVI73EHBrCRTgkhu9oqG7vPqq+a/yadEW8aD+agKlk5xrmg==}
    engines: {node: '>=18'}
    cpu: [x64]
    os: [freebsd]

  '@esbuild/linux-arm64@0.28.2':
    resolution: {integrity: sha512-pW4AC0P3it8c7do9MVM4p51FzHzdM/TZrerurgRcHJ2WTa1VQ1CIq18xncfpBJw4ojkiZZrKW2yIBWBP92j6Ug==}
    engines: {node: '>=18'}
    cpu: [arm64]
    os: [linux]

  '@esbuild/linux-arm@0.28.2':
    resolution: {integrity: sha512-XlDnu2q5yoqems+xay6wSAcg9DDD7K9RLKZEBOMZm3ckNpJBvOX20tSfby8KfrrhINDyv9V2YVZKY/SpoGJI8w==}
    engines: {node: '>=18'}
    cpu: [arm]
    os: [linux]

  '@esbuild/linux-ia32@0.28.2':
    resolution: {integrity: sha512-CYbnj78HsIeA+DhgUKgFCfvNsTHFhMMrinUrMZpDXJXKN8T3XViTZ/+wtHeVxEWY8ewSzTFN+nRmSwO2tZaLUQ==}
    engines: {node: '>=18'}
    cpu: [ia32]
    os: [linux]

  '@esbuild/linux-loong64@0.28.2':
    resolution: {integrity: sha512-buwkd8nsph4R+ajRvw0qM5Hja/TXQow3ptzWO2EbG/cqcIkHloRrdlBtQlshyYGTNFvfkfJ5tpPLVkY4DtsPfQ==}
    engines: {node: '>=18'}
    cpu: [loong64]
    os: [linux]

  '@esbuild/linux-mips64el@0.28.2':
    resolution: {integrity: sha512-ZVykbDyk7519VwiNb9Lcj9m8XM6v5V9uKPvrEMkkEedVewf+0itkhahp4HDpgERXhwLRpWFypsGbG/J8s0QjJA==}
    engines: {node: '>=18'}
    cpu: [mips64el]
    os: [linux]

  '@esbuild/linux-ppc64@0.28.2':
    resolution: {integrity: sha512-CAXl+Dtd9UUuJd8pKKdwh6MLm3MUMiqMPmhZ3tTSXPqfyQ3vDl6R5hZdZ/kYojK4ofXtdfSv1tFq8XzWx3heNQ==}
    engines: {node: '>=18'}
    cpu: [ppc64]
    os: [linux]

  '@esbuild/linux-riscv64@0.28.2':
    resolution: {integrity: sha512-GeXCej4IQtU1B+QlDV8W/RRvbzI3O/Stss+/bCXv4lZls5WGRtu2a+3JkA3i4qIUlMXpcHebWpF8AkJhATowuA==}
    engines: {node: '>=18'}
    cpu: [riscv64]
    os: [linux]

  '@esbuild/linux-s390x@0.28.2':
    resolution: {integrity: sha512-3H1weTYZPxt/WOhByszQZybS9w5lKzUn1FDMsgEChbHWQwHYQQRfBxgCcZvPhjHfKyJjIievvMmEUawJrdY9Dg==}
    engines: {node: '>=18'}
    cpu: [s390x]
    os: [linux]

  '@esbuild/linux-x64@0.28.2':
    resolution: {integrity: sha512-4xTZr1FUmSoQW4XIWmit3tzQrUTZM+N3P0XV8xROKYF50XfI7xeO90+1bZvNwxIufQ9hDQVRJH5YhgPVF8A/HQ==}
    engines: {node: '>=18'}
    cpu: [x64]
    os: [linux]

  '@esbuild/netbsd-arm64@0.28.2':
    resolution: {integrity: sha512-sSATRjPeDBg3pdgHoQfoYBob11Kk1FGa9lui5RIHZCoCkJa9QKlvl3/vKz2usCmYYjs7ymJR/2Nnsqe+Hjt5nw==}
    engines: {node: '>=18'}
    cpu: [arm64]
    os: [netbsd]

  '@esbuild/netbsd-x64@0.28.2':
    resolution: {integrity: sha512-lqnzCV+mM0gIADaKihiCg6ifgfU2L3h5E33rNQBN1Y4MaVGnzryzmvvf7UHxprpQdE8hpqLolJ9Rl+SkIRDpyw==}
    engines: {node: '>=18'}
    cpu: [x64]
    os: [netbsd]

  '@esbuild/openbsd-arm64@0.28.2':
    resolution: {integrity: sha512-AL2qJILH7lNjrDmCQDvdxMfAUIv8KMNZOvrwAQ8i8//ntL9FflhOyMJ8OZSMBb8/AWXe3/5v5S20y3zCoZWKoQ==}
    engines: {node: '>=18'}
    cpu: [arm64]
    os: [openbsd]

  '@esbuild/openbsd-x64@0.28.2':
    resolution: {integrity: sha512-QtiuPytchRyC4rwUKhexJdQKvDuZ6hWloi3igqPQNUJCS1/v9EiO3UTOXR6A3FoMo4fnAKbWJdqaIwhOzh8qEw==}
    engines: {node: '>=18'}
    cpu: [x64]
    os: [openbsd]

  '@esbuild/openharmony-arm64@0.28.2':
    resolution: {integrity: sha512-WkhYDmpTjLvGlScA1rwjRUmhl4k8oXR3cIbtqWmELgU/dFeHHlEllxDvdWcNJV9rbzCexB5vz8gtNewWLgCT7Q==}
    engines: {node: '>=18'}
    cpu: [arm64]
    os: [openharmony]

  '@esbuild/sunos-x64@0.28.2':
    resolution: {integrity: sha512-GPMSkTOtMnv2U2F8gxe4Io6qmVs+YKyp832Etqqxr0hFngmXQ3rzwytelm3GIn7T4VviRUlf3sOgBOiTdvaf7g==}
    engines: {node: '>=18'}
    cpu: [x64]
    os: [sunos]

  '@esbuild/win32-arm64@0.28.2':
    resolution: {integrity: sha512-PIhhEkE9uPBleRBrQEJpUn7MBnibZzbGzYWPmY3x+YoVg/95zbjB4CxPPOQ8l5tYYM4mMaCthF8/1DIfBQQyWQ==}
    engines: {node: '>=18'}
    cpu: [arm64]
    os: [win32]

  '@esbuild/win32-ia32@0.28.2':
    resolution: {integrity: sha512-YmJbfTlvU7Sdn9BB+4PRES4oB6pxgS37MAONj+hBr/cpXS1aBPKXxNnDbu+QCWPj0o9dgyxeq79g6c5P8KeuYA==}
    engines: {node: '>=18'}
    cpu: [ia32]
    os: [win32]

  '@esbuild/win32-x64@0.28.2':
    resolution: {integrity: sha512-5ebpxr3nWMzrL/rnUI755Jkuee0bHL/Gq0WTF9lvcpv73wAp5eu8MfBUgWK9bhWvZjj7yX8etf/8tI8Ney695g==}
    engines: {node: '>=18'}
    cpu: [x64]
    os: [win32]

  '@jridgewell/gen-mapping@0.3.13':
    resolution: {integrity: sha512-2kkt/7niJ6MgEPxF0bYdQ6etZaA+fQvDcLKckhy1yIQOzaoKjBBjSj63/aLVjYE3qhRt5dvM+uUyfCg6UKCBbA==}

  '@jridgewell/remapping@2.3.5':
    resolution: {integrity: sha512-LI9u/+laYG4Ds1TDKSJW2YPrIlcVYOwi2fUC6xB43lueCjgxV4lffOCZCtYFiH6TNOX+tQKXx97T4IKHbhyHEQ==}

  '@jridgewell/resolve-uri@3.1.2':
    resolution: {integrity: sha512-bRISgCIjP20/tbWSPWMEi54QVPRZExkuD9lJL+UIxUKtwVJA8wW1Trb1jMs1RFXo1CBTNZ/5hpC9QvmKWdopKw==}
    engines: {node: '>=6.0.0'}

  '@jridgewell/sourcemap-codec@1.6.0':
    resolution: {integrity: sha512-T7jf+5zgsZHwNJ4lvQ7/aezbyk0nNX+zJVWpmHA7VYsEx7a7qr5Rg5IbtJFqkgze5Y2sruq1RUY8Q837Od7iFw==}

  '@jridgewell/trace-mapping@0.3.31':
    resolution: {integrity: sha512-zzNR+SdQSDJzc8joaeP8QQoCQr8NuYx2dIIytl1QeBEZHJ9uW6hebsrYgbz8hJwUQao3TWCMtmfV8Nu1twOLAw==}

  '@napi-rs/lzma-linux-x64-gnu@1.5.1':
    resolution: {integrity: sha512-oTXEIha4SsuXdTA4Iyskj0kpdx2yVXdhd75c2v3xGrHFfVMsbhTPZU/nMPL4sWKo4pBHm3aucLaqGlF696dTyQ==}
    engines: {node: ^22.20 || ^24.12 || >=25}
    cpu: [x64]
    os: [linux]
    libc: [glibc]

  '@parcel/watcher-android-arm64@2.6.0':
    resolution: {integrity: sha512-trgpLSCKRC/huFjXX/Smh+0sWe4+YtKfktIToiMl59ghz7z+qkH6kMvNnUbLyRs9N11t8l4svSCs1+5B3rOAhA==}
    engines: {node: '>= 10.0.0'}
    cpu: [arm64]
    os: [android]

  '@parcel/watcher-darwin-arm64@2.6.0':
    resolution: {integrity: sha512-Y3QV0gl7Q1zbfueunkWIERICbEojQFCgpyG7YqOGNFLsckXyI1xu9mAIUpKY9QBYzBtSkN8dBPwd3yiAO9ovMw==}
    engines: {node: '>= 10.0.0'}
    cpu: [arm64]
    os: [darwin]

  '@parcel/watcher-darwin-x64@2.6.0':
    resolution: {integrity: sha512-Ohv6OpzhUfKYD7Beb8kDvG0jbIxORCYY1JRdZnaBtnjjkJxgD7ZVL0nw2sCYd0yTMKTvz3nnTnOF3cDifK+kvw==}
    engines: {node: '>= 10.0.0'}
    cpu: [x64]
    os: [darwin]

  '@parcel/watcher-freebsd-x64@2.6.0':
    resolution: {integrity: sha512-5HmXvDgs8VK+74jF9y9/2FE3/OnlcKmc56tjmSrEuZjpSZOGL+fvAu+HKJBdPs9uwoP2hE6TlSUpXZ/C5jUFmQ==}
    engines: {node: '>= 10.0.0'}
    cpu: [x64]
    os: [freebsd]

  '@parcel/watcher-linux-arm-glibc@2.6.0':
    resolution: {integrity: sha512-Ps/hui3A+vMbjdqlqAowK2ZL8+BO8dBjxeWXj6npTBs3jx4wWmbPpaLuqwrQrSqIVMCnpWo238bJ1U37GhQOYg==}
    engines: {node: '>= 10.0.0'}
    cpu: [arm]
    os: [linux]
    libc: [glibc]

  '@parcel/watcher-linux-arm-musl@2.6.0':
    resolution: {integrity: sha512-9c6AUHgHoG+IY88MRIHupztQiQnrbqHYQjkM2btA+Bf/wQnQMuiD0Wfk1EVv3TlNT3x41uU71rn6E4xh/+zvkw==}
    engines: {node: '>= 10.0.0'}
    cpu: [arm]
    os: [linux]
    libc: [musl]

  '@parcel/watcher-linux-arm64-glibc@2.6.0':
    resolution: {integrity: sha512-yHRqS2owEXe6Hic9z6Mh1ECsCd+ODVOGvZDyciqRd21+v+o+DnXMOrw50DSpIG2sb8GPEaPPmfeCAWKPJdq46g==}
    engines: {node: '>= 10.0.0'}
    cpu: [arm64]
    os: [linux]
    libc: [glibc]

  '@parcel/watcher-linux-arm64-musl@2.6.0':
    resolution: {integrity: sha512-WhB2e/V7rqdHHWZusBSPuy5Ei8S6lSz6FE5TKKQz5h3a0O+C+mhY7vxU9b/stqvMb8beLnPY82ZrFTLKs+SrKA==}
    engines: {node: '>= 10.0.0'}
    cpu: [arm64]
    os: [linux]
    libc: [musl]

  '@parcel/watcher-linux-x64-glibc@2.6.0':
    resolution: {integrity: sha512-ulGE6x6Oz6iAwg75T8YQSoguBWasniIbX+QWpaYPcCnDOpdWX3k+4xbEYPZVLxOuoJI+svJJPD3sEj8G7lrQ3A==}
    engines: {node: '>= 10.0.0'}
    cpu: [x64]
    os: [linux]
    libc: [glibc]

  '@parcel/watcher-linux-x64-musl@2.6.0':
    resolution: {integrity: sha512-tkBYKt7YQrjIJWYDnto2YgO8MRkjlMTSNoRHzsXinBqbLdeOM3L32wPZJvIZxqaLMfSlS/4sUjH/6STVP/XDLw==}
    engines: {node: '>= 10.0.0'}
    cpu: [x64]
    os: [linux]
    libc: [musl]

  '@parcel/watcher-win32-arm64@2.6.0':
    resolution: {integrity: sha512-gIZAP23jaHjGWasY/TY6yL7NHFClf0Ga7FN+iINvk+KN94rhm94lYZhFsbYFNcA04/onvGD9kKmiJLJB2HbNwQ==}
    engines: {node: '>= 10.0.0'}
    cpu: [arm64]
    os: [win32]

  '@parcel/watcher-win32-x64@2.6.0':
    resolution: {integrity: sha512-cA+/pXV2YkfxlIcXOQ5fSWqAzzPyD78/x5qbK/I0vUkrlYHA8TIz+MXjAbGouguKVSI4bOmkTSJ1/poVSsgt+A==}
    engines: {node: '>= 10.0.0'}
    cpu: [x64]
    os: [win32]

  '@parcel/watcher@2.6.0':
    resolution: {integrity: sha512-7FNeNl8NCE7aINx7WXiKQrPYZWC/hvrTsmk6zmxbI7LTXE7hVek/n8AfVgpe2y82zl3w0HvCHN0bVKMBoJcC0w==}
    engines: {node: '>= 10.0.0'}

  '@polka/url@1.0.0-next.29':
    resolution: {integrity: sha512-wwQAWhWSuHaag8c4q/KN/vCoeOJYshAIvMQwD4GpSb3OiZklFfvAgmj0VCBBImRpuF/aFgIRzllXlVX93Jevww==}

  '@rollup/rollup-android-arm-eabi@4.63.4':
    resolution: {integrity: sha512-I+BSHzTAhKN2n7ZwGZsegGcZjDpLqFOMAtJz/u6uFGe0pUFbq56dEHjqJV/ZUdRJtNXNxA+hREUatZBvMR3Oiw==}
    cpu: [arm]
    os: [android]

  '@rollup/rollup-android-arm64@4.63.4':
    resolution: {integrity: sha512-pu3BdjS2LtEzRu2elmGzS3fIeWSZy4BMDIaLNwjorO76+k2d0LMluijhsDx3KQyQBQ/lLUZCQA9/s6csvUfuhw==}
    cpu: [arm64]
    os: [android]

  '@rollup/rollup-darwin-arm64@4.63.4':
    resolution: {integrity: sha512-xfSrj9MHnWK9GaSqT9U0ImHtH/N8WZlHLx4cZHiuLcqs640hvZ3hLPd5UR2AZS57FaE8HrRUSpltbZdWRxHiDA==}
    cpu: [arm64]
    os: [darwin]

  '@rollup/rollup-darwin-x64@4.63.4':
    resolution: {integrity: sha512-bqU99PLJb/dqb3S0GIMdeuyAEETSUgZBoqXYd3Sd+WCsV+MmPhnN6JrotWyir31+QgH7EvvE5/mwGJlEoci8Fw==}
    cpu: [x64]
    os: [darwin]

  '@rollup/rollup-freebsd-arm64@4.63.4':
    resolution: {integrity: sha512-JinsFZ5G40oXQb+sUuiA5x689vhr6dDYK0H0NL+rwKdL6CqnmYN8PE4ZwfRSoIjrCxqTQG/SLfTtSvHeGxoVlw==}
    cpu: [arm64]
    os: [freebsd]

  '@rollup/rollup-freebsd-x64@4.63.4':
    resolution: {integrity: sha512-GAdA4UxpiNm27cLHr2GqXBpAD0x9FqwYBY7/YSP0Ss0/PNi4k8gbviqpIpYbVSRBaS2ZcegXEzgTQMbRNCwxCw==}
    cpu: [x64]
    os: [freebsd]

  '@rollup/rollup-linux-arm-gnueabihf@4.63.4':
    resolution: {integrity: sha512-qDd6NoA1znaLjp4jR5U/KWCdLAKDJNB8W9ChbbDaKbo0xA+Atln5HK6LFCZ4oJQpemtRZA288DCirFRjrspptw==}
    cpu: [arm]
    os: [linux]
    libc: [glibc]

  '@rollup/rollup-linux-arm-musleabihf@4.63.4':
    resolution: {integrity: sha512-WtB5Tz5KTNINb8ZA+8sQ7bmjuS1JrRT7YverYIhUGdWWDlpzVWmIwuZE+jidkEXUn1l0zrEkaIMa8dHF3NGcsA==}
    cpu: [arm]
    os: [linux]
    libc: [musl]

  '@rollup/rollup-linux-arm64-gnu@4.63.4':
    resolution: {integrity: sha512-VcQ3L1tjnkKzWjryAVaFhHEWcqOfICX9uxVVoDzm2t0DpgKRHd2zOpVrJc0xsWeBZcBFyYROCIBdyR/fS174pg==}
    cpu: [arm64]
    os: [linux]
    libc: [glibc]

  '@rollup/rollup-linux-arm64-musl@4.63.4':
    resolution: {integrity: sha512-6+ZQX6P5s0cMDN2Ypb8Lbm2+/sZYmZjdaYny992ujUU9UKi/4CWoJWsl1pNvjWJHNHGK51m+jKGLlh1ylb2ifQ==}
    cpu: [arm64]
    os: [linux]
    libc: [musl]

  '@rollup/rollup-linux-loong64-gnu@4.63.4':
    resolution: {integrity: sha512-D72ZnvkFkBXOfzMMQLcwfPLyGkKb7HZ9/mf97B7v6/P5Lbv4oFOtSY/uHbS8lH6uKUOxoKiuokdb50XZSzzbJw==}
    cpu: [loong64]
    os: [linux]
    libc: [glibc]

  '@rollup/rollup-linux-loong64-musl@4.63.4':
    resolution: {integrity: sha512-piU6BxeqA3O9KSu3kRCIQQtNqFFaTu21SEV4FwaRZowpnj3bLaWPZHw+xFqCs0XlJ+aOH3PTRWGoglH+mKA/OA==}
    cpu: [loong64]
    os: [linux]
    libc: [musl]

  '@rollup/rollup-linux-ppc64-gnu@4.63.4':
    resolution: {integrity: sha512-/5PGpHwqt2EEEOUs1XwzubE/ucr0dWDQ+to3zqi4Ds7EWpwtQ79wXc4JBoxqj/OwpawTsKWzJxHfSuBOq3DrWA==}
    cpu: [ppc64]
    os: [linux]
    libc: [glibc]

  '@rollup/rollup-linux-ppc64-musl@4.63.4':
    resolution: {integrity: sha512-cX3beZDLWt7G2oJF+nhChiT+qtaihs+S2xi7ziGmVB+2pwPng6D0Ed0HmElQOgv2UsUmSJJLGwpBao/3TDx3VA==}
    cpu: [ppc64]
    os: [linux]
    libc: [musl]

  '@rollup/rollup-linux-riscv64-gnu@4.63.4':
    resolution: {integrity: sha512-1uz2mGWHyptR7DgHHrlbdRAjXK7v7elGZ9lMja910/RP+ZYbX6xAmCiU9UZSX4hqmgtHMv6lr5l3kq1HIOpcag==}
    cpu: [riscv64]
    os: [linux]
    libc: [glibc]

  '@rollup/rollup-linux-riscv64-musl@4.63.4':
    resolution: {integrity: sha512-nLS8topojxyz7SRpKR2IODRpQ0XPZ+xaOXvT3+hqK/Uy8Lo5HFgkkIBiIrCu5tL5YqzTvgovGw55PwpahTAGig==}
    cpu: [riscv64]
    os: [linux]
    libc: [musl]

  '@rollup/rollup-linux-s390x-gnu@4.63.4':
    resolution: {integrity: sha512-gs7DRKotr3l3q+jGPQBjH0ng1FjlEDm5ueQrkw5JtQvtLyEIcLASqAEaor56BhkKRzk+IcQzrcanBdb/bBQn8g==}
    cpu: [s390x]
    os: [linux]
    libc: [glibc]

  '@rollup/rollup-linux-x64-gnu@4.63.4':
    resolution: {integrity: sha512-791ET7W17NnScOZM7h4dX5hYspxE28htPFsb1awY/NRR8+PRNkS53e475rDdxXXDrP+kwnCcNWg9CX5ztn/Aqw==}
    cpu: [x64]
    os: [linux]
    libc: [glibc]

  '@rollup/rollup-linux-x64-musl@4.63.4':
    resolution: {integrity: sha512-iwZQRcmj7g88g3tzefIrQY7qvmuA/cfYwhrDtTBhsmukO4U2huVO5W+86XacUMRvdSFVAc6kZUZy21JaRwiB9w==}
    cpu: [x64]
    os: [linux]
    libc: [musl]

  '@rollup/rollup-openbsd-x64@4.63.4':
    resolution: {integrity: sha512-dVHFp9gRWrdTpnqQuGfCwd7hOQDatK1VCP2iWhLY/cGrOQs/ucFzJ6A5SRqbXX12ZDI8EUuejSM5kwg+ja7Png==}
    cpu: [x64]
    os: [openbsd]

  '@rollup/rollup-openharmony-arm64@4.63.4':
    resolution: {integrity: sha512-t3NlauOW6gxZVVFcBEnO62Cb4wbyDFL416gTg1uFI/2tgqYQlf69FbSE115Ajre9I+c26Lk4mcmdFUsS/DGifQ==}
    cpu: [arm64]
    os: [openharmony]

  '@rollup/rollup-win32-arm64-msvc@4.63.4':
    resolution: {integrity: sha512-xWuIaSye5FWZF8+UYtVEcHtRJDN5kN9Kfgxx3Kq8XIov9KSKbc1fiqQCm90SKrgQbUXZelbnUhnlUJmfSE7P9A==}
    cpu: [arm64]
    os: [win32]

  '@rollup/rollup-win32-ia32-msvc@4.63.4':
    resolution: {integrity: sha512-9ALJJUOg/ZflMJepVo2PlgsGxSaxN7SQ4Z8GoZfVlarWr6r3rkHUNsd/zAio7p4YMtChSMXPionxej4Hkf6CXQ==}
    cpu: [ia32]
    os: [win32]

  '@rollup/rollup-win32-x64-gnu@4.63.4':
    resolution: {integrity: sha512-blj9z5qx/Pv4WU0W1NMFDB97e0JH5ed+aZGywW8WCvp/NhWX/4PFAq5uu6Q0AebNn+Vo6KzUYDT++JzTT5ojlQ==}
    cpu: [x64]
    os: [win32]

  '@rollup/rollup-win32-x64-msvc@4.63.4':
    resolution: {integrity: sha512-Erx822VRBwLa124shbj+wNXe//BOgMEctDV0m1aqTQdNO1S69DgNUCFKC1RCeZfixs1J31l6igk1ziyXErbigQ==}
    cpu: [x64]
    os: [win32]

  '@standard-schema/spec@1.1.0':
    resolution: {integrity: sha512-l2aFy5jALhniG5HgqrD6jXLi/rUWrKvqN/qJx6yoJsgKhblVd+iqqU4RCXavm/jPityDo5TCvKMnpjKnOriy0w==}

  '@sveltejs/acorn-typescript@1.0.13':
    resolution: {integrity: sha512-wgKggnhZVL9Bfx1OaKKTrYY9BFRk6C8UAkQNUcIv1+llzYrIqy+RZm5HPKzn0NpEBvTVhTqB4kQyllZywsRBRQ==}
    peerDependencies:
      acorn: ^8.9.0

  '@sveltejs/adapter-static@3.0.10':
    resolution: {integrity: sha512-7D9lYFWJmB7zxZyTE/qxjksvMqzMuYrrsyh1f4AlZqeZeACPRySjbC3aFiY55wb1tWUaKOQG9PVbm74JcN2Iew==}
    peerDependencies:
      '@sveltejs/kit': ^2.0.0

  '@sveltejs/kit@2.70.3':
    resolution: {integrity: sha512-UDvEYuZqAMbfB/oXIoqKvbKcb7YczK5zYrzmsGV1zRJk03jntwp8dXiYoIJotxAndsKvcPFtx9H1GRSKFdSHgg==}
    engines: {node: '>=18.13'}
    hasBin: true
    peerDependencies:
      '@opentelemetry/api': ^1.0.0
      '@sveltejs/vite-plugin-svelte': ^3.0.0 || ^4.0.0-next.1 || ^5.0.0 || ^6.0.0-next.0 || ^7.0.0
      svelte: ^4.0.0 || ^5.0.0-next.0
      typescript: ^5.3.3 || ^6.0.0
      vite: ^5.0.3 || ^6.0.0 || ^7.0.0-beta.0 || ^8.0.0
    peerDependenciesMeta:
      '@opentelemetry/api':
        optional: true
      typescript:
        optional: true

  '@sveltejs/load-config@0.2.3':
    resolution: {integrity: sha512-VT3qmUb8pRV2QrZjd8iAmtg8lf4W0TIjZbvXtz5MKei/q96teWZgGJyyidJzOjzZzvdq616eSRVeMYIQChUTAQ==}
    engines: {node: '>= 18.0.0'}

  '@sveltejs/vite-plugin-svelte-inspector@5.0.2':
    resolution: {integrity: sha512-TZzRTcEtZffICSAoZGkPSl6Etsj2torOVrx6Uw0KpXxrec9Gg6jFWQ60Q3+LmNGfZSxHRCZL7vXVZIWmuV50Ig==}
    engines: {node: ^20.19 || ^22.12 || >=24}
    peerDependencies:
      '@sveltejs/vite-plugin-svelte': ^6.0.0-next.0
      svelte: ^5.0.0
      vite: ^6.3.0 || ^7.0.0

  '@sveltejs/vite-plugin-svelte@6.2.4':
    resolution: {integrity: sha512-ou/d51QSdTyN26D7h6dSpusAKaZkAiGM55/AKYi+9AGZw7q85hElbjK3kEyzXHhLSnRISHOYzVge6x0jRZ7DXA==}
    engines: {node: ^20.19 || ^22.12 || >=24}
    peerDependencies:
      svelte: ^5.0.0
      vite: ^6.3.0 || ^7.0.0

  '@types/cookie@0.6.0':
    resolution: {integrity: sha512-4Kh9a6B2bQciAhf7FSuMRRkUWecJgJu9nPnx3yzpsfXX/c50REIqpHY4C82bXP90qrLtXtkDxTZosYO3UpOwlA==}

  '@types/estree@1.0.9':
    resolution: {integrity: sha512-GhdPgy1el4/ImP05X05Uw4cw2/M93BCUmnEvWZNStlCzEKME4Fkk+YpoA5OiHNQmoS7Cafb8Xa3Pya8m1Qrzeg==}

  '@types/node@22.20.4':
    resolution: {integrity: sha512-zJRE40jpHtKqE/C4fgHrAKQLJuSpzEnP9ff9Y7YtoR3Wd2pwqzlekDeEuUQXjRd+QCYnVnNwuJYmhdk9XV8gvA==}

  acorn@8.18.0:
    resolution: {integrity: sha512-lGq+9yr1/GuAWaVYIHRjvvySG5/4VfKIvC8EWxStPdcDh/Ka7FG3twP6v4d5BkravUilhIAsG4Qj83t02LWUPQ==}
    engines: {node: '>=0.4.0'}
    hasBin: true

  aria-query@5.3.1:
    resolution: {integrity: sha512-Z/ZeOgVl7bcSYZ/u/rh0fOpvEpq//LZmdbkXyc7syVzjPAhfOa9ebsdTSjEBDU4vs5nC98Kfduj1uFo0qyET3g==}
    engines: {node: '>= 0.4'}

  axobject-query@4.1.0:
    resolution: {integrity: sha512-qIj0G9wZbMGNLjLmg1PT6v2mE9AH2zlnADJD/2tC6E00hgmhUOfEB6greHPAfLRSufHqROIUTkw6E+M3lH0PTQ==}
    engines: {node: '>= 0.4'}

  chokidar@4.0.3:
    resolution: {integrity: sha512-Qgzu8kfBvo+cA4962jnP1KkS6Dop5NS6g7R5LFYJr4b8Ub94PPQXUksCw9PvXoeXPRRddRNC5C1JQUR2SMGtnA==}
    engines: {node: '>= 14.16.0'}

  chokidar@5.0.0:
    resolution: {integrity: sha512-TQMmc3w+5AxjpL8iIiwebF73dRDF4fBIieAqGn9RGCWaEVwQ6Fb2cGe31Yns0RRIzii5goJ1Y7xbMwo1TxMplw==}
    engines: {node: '>= 20.19.0'}

  clsx@2.1.1:
    resolution: {integrity: sha512-eYm0QWBtUrBWZWG0d386OGAw16Z995PiOVo2B7bjWSbHedGl5e0ZWaq65kOGgUSNesEIDkB9ISbTg/JK9dhCZA==}
    engines: {node: '>=6'}

  cookie@0.6.0:
    resolution: {integrity: sha512-U71cyTamuh1CRNCfpGY6to28lxvNwPG4Guz/EVjgf3Jmzv0vlDp1atT9eS5dDjMYHucpHbWns6Lwf3BKz6svdw==}
    engines: {node: '>= 0.6'}

  deepmerge@4.3.1:
    resolution: {integrity: sha512-3sUqbMEc77XqpdNO7FRyRog+eW3ph+GYCbj+rK+uYyRMuwsVy0rMiVtPn+QJlKFvWP/1PYpapqYn0Me2knFn+A==}
    engines: {node: '>=0.10.0'}

  detect-libc@2.1.2:
    resolution: {integrity: sha512-Btj2BOOO83o3WyH59e8MgXsxEQVcarkUOpEYrubB0urwnN10yQ364rsiByU11nZlqWYZm05i/of7io4mzihBtQ==}
    engines: {node: '>=8'}

  devalue@5.9.4:
    resolution: {integrity: sha512-sPAT4pztbu6586/hrhOnMKS17IJrvg12mXiSPSS3W5qDeN2RGgvZ0diZCm31dBbnevfVmujNO3IM2wrS4Y2Rhg==}

  esbuild@0.28.2:
    resolution: {integrity: sha512-HKVLS8dvII+xoKW9kmqxbRKrnWEXfJJr/FZhhJmiqIB0e053QNYFqOBouTMO/k5sID4MvCiUCvv8b9M4h32wIA==}
    engines: {node: '>=18'}
    hasBin: true

  esm-env@1.2.2:
    resolution: {integrity: sha512-Epxrv+Nr/CaL4ZcFGPJIYLWFom+YeV1DqMLHJoEd9SYRxNbaFruBwfEX/kkHUJf55j2+TUbmDcmuilbP1TmXHA==}

  esrap@2.3.7:
    resolution: {integrity: sha512-n2nf7fZR3c9yXf0BPEuHuXqT+KW0SJVj4cN5FMEkpCZ3scLjOQWpiccyCxVzCC2q1wubTghuEGzngJY/7Ah0Ow==}
    peerDependencies:
      '@typescript-eslint/types': ^8.2.0
    peerDependenciesMeta:
      '@typescript-eslint/types':
        optional: true

  fdir@6.5.0:
    resolution: {integrity: sha512-tIbYtZbucOs0BRGqPJkshJUYdL+SDH7dVM8gjy+ERp3WAUjLEFJE+02kanyHtwjWOnwrKYBiwAmM0p4kLJAnXg==}
    engines: {node: '>=12.0.0'}
    peerDependencies:
      picomatch: ^3 || ^4
    peerDependenciesMeta:
      picomatch:
        optional: true

  fsevents@2.3.3:
    resolution: {integrity: sha512-5xoDfX+fL7faATnagmWPpbFtwh/R77WmMMqqHGS65C3vvB0YHrgF+B1YmZ3441tMj5n63k0212XNoJwzlhffQw==}
    engines: {node: ^8.16.0 || ^10.6.0 || >=11.0.0}
    os: [darwin]

  immutable@5.1.9:
    resolution: {integrity: sha512-m8nVez3rwrgmWxtLMt1ZYXB2Lv7OKYn/disyxAlSDYAlKSlFoPPfIAmAM/M5xqL4m4C/wAPw7S2/CNaUii1Hxg==}

  is-extglob@2.1.1:
    resolution: {integrity: sha512-SbKbANkN603Vi4jEZv49LeVJMn4yGwsbzZworEoyEiutsN3nJYdbO36zfhGJ6QEDpOZIFkDtnq5JRxmvl3jsoQ==}
    engines: {node: '>=0.10.0'}

  is-glob@4.0.3:
    resolution: {integrity: sha512-xelSayHH36ZgE7ZWhli7pW34hNbNl8Ojv5KVmkJD4hBdD3th8Tfk9vYasLM+mXWOZhFkgZfxhLSnrwRr4elSSg==}
    engines: {node: '>=0.10.0'}

  is-reference@3.0.3:
    resolution: {integrity: sha512-ixkJoqQvAP88E6wLydLGGqCJsrFUnqoH6HnaczB8XmDH1oaWU+xxdptvikTgaEhtZ53Ky6YXiBuUI2WXLMCwjw==}

  kleur@4.1.5:
    resolution: {integrity: sha512-o+NO+8WrRiQEE4/7nwRJhN1HWpVmJm511pBHUxPLtp0BUISzlBplORYSmTclCnJvQq2tKu/sgl3xVpkc7ZWuQQ==}
    engines: {node: '>=6'}

  locate-character@3.0.0:
    resolution: {integrity: sha512-SW13ws7BjaeJ6p7Q6CO2nchbYEc3X3J6WrmTTDto7yMPqVSZTUyY5Tjbid+Ab8gLnATtygYtiDIJGQRRn2ZOiA==}

  magic-string@0.30.21:
    resolution: {integrity: sha512-vd2F4YUyEXKGcLHoq+TEyCjxueSeHnFxyyjNp80yg0XV4vUhnDer/lvvlqM/arB5bXQN5K2/3oinyCRyx8T2CQ==}

  marked@17.0.6:
    resolution: {integrity: sha512-gB0gkNafnonOw0obSTEGZTT86IuhILt2Wfx0mWH/1Au83kybTayroZ/V6nS25mN7u8ASy+5fMhgB3XPNrOZdmA==}
    engines: {node: '>= 20'}
    hasBin: true

  mri@1.2.0:
    resolution: {integrity: sha512-tzzskb3bG8LvYGFF/mDTpq3jpI6Q9wc3LEmBaghu+DdCssd1FakN7Bc0hVNmEyGq1bq3RgfkCb3cmQLpNPOroA==}
    engines: {node: '>=4'}

  mrmime@2.0.1:
    resolution: {integrity: sha512-Y3wQdFg2Va6etvQ5I82yUhGdsKrcYox6p7FfL1LbK2J4V01F9TGlepTIhnK24t7koZibmg82KGglhA1XK5IsLQ==}
    engines: {node: '>=10'}

  nanoid@3.3.19:
    resolution: {integrity: sha512-Y2tUNy4ouw6tq5oDSKeQYGOyhkUBhNOcGV/02KC+6kd9eDGqdZd++mjMiIDilrBYvjEnCYvVtsuHCuP+okSfug==}
    engines: {node: ^10 || ^12 || ^13.7 || ^14 || >=15.0.1}
    hasBin: true

  node-addon-api@7.1.1:
    resolution: {integrity: sha512-5m3bsyrjFWE1xf7nz7YXdN4udnVtXK6/Yfgn5qnahL6bCkf2yKt4k3nuTKAtT4r3IG8JNR2ncsIMdZuAzJjHQQ==}

  obug@2.2.1:
    resolution: {integrity: sha512-XrsrhT5sybtKI6wakr2SPOlGZWWYbUXZ7a0jT8/QOeAPau+1X/bSegNe5YR75oJmEZQbKningirmGOEJCIk61Q==}
    engines: {node: '>=12.20.0'}

  picocolors@1.1.1:
    resolution: {integrity: sha512-xceH2snhtb5M9liqDsmEw56le376mTZkEX/jEb/RxNFyegNul7eNslCXP9FDj/Lcu0X8KEyMceP2ntpaHrDEVA==}

  picomatch@4.0.7:
    resolution: {integrity: sha512-qcJu88Q2IWqJsDD529JKMdwGm/dvInW4HvQnRwiH9JtihJvzGOscDtHE3x1pBKeUOTysQ8kVmLnJ2kJu7yhcGA==}
    engines: {node: '>=12'}

  postcss@8.5.28:
    resolution: {integrity: sha512-RRuzqDtt5Y9h3quz5hWhK+TPnsmVs6WwSU6LkJMeY4HstUEDuYTG8UJSdawMRzmzAtV+KEoG8N3Qg2qLy5vM/A==}
    engines: {node: ^10 || ^12 || >=14}

  readdirp@4.1.2:
    resolution: {integrity: sha512-GDhwkLfywWL2s6vEjyhri+eXmfH6j1L7JE27WhqLeYzoh/A3DBaYGEj2H/HFZCn/kMfim73FXxEJTw06WtxQwg==}
    engines: {node: '>= 14.18.0'}

  readdirp@5.1.1:
    resolution: {integrity: sha512-Kko+Y5XQ6fM+Ce3dq3m9YGxnacYZYl9cA1wZjaF3Vbry2L3i1qVg8+CAgNPsXRArPMUMCaOR7oa9Nqntc43JKA==}
    engines: {node: '>= 20.19.0'}

  rollup@4.63.4:
    resolution: {integrity: sha512-4U0liVayNIoLp3GFl1FcI8561WepLnZ1rqfraGh7S9B3Ur5F9S283y8Futii7RUU2C/97tOBmBy7nYvhoiOpbQ==}
    engines: {node: '>=18.0.0', npm: '>=8.0.0'}
    hasBin: true

  sade@1.8.1:
    resolution: {integrity: sha512-xal3CZX1Xlo/k4ApwCFrHVACi9fBqJ7V+mwhBsuf/1IOKbBy098Fex+Wa/5QMubw09pSZ/u8EY8PWgevJsXp1A==}
    engines: {node: '>=6'}

  sass@1.104.1:
    resolution: {integrity: sha512-yDA+1aIG3EHgN4V/BvuhCvu61FF6hEd4e+9DxikUm9U0CAGuvdIZ/UYy7qbOxjhbbWQraoyLlMuzdRGOSV5Bmw==}
    engines: {node: '>=20.19.0'}
    hasBin: true

  set-cookie-parser@3.1.2:
    resolution: {integrity: sha512-5/r/lTwbJ3zQ+qwdUFZYeRNqda7P5HD8zQKqlSjdGt1/S0cjLAphHusj4Y58ahDtWn/g32xrIS58/ikOvwl0Lw==}

  sirv@3.0.2:
    resolution: {integrity: sha512-2wcC/oGxHis/BoHkkPwldgiPSYcpZK3JU28WoMVv55yHJgcZ8rlXvuG9iZggz+sU1d4bRgIGASwyWqjxu3FM0g==}
    engines: {node: '>=18'}

  source-map-js@1.2.1:
    resolution: {integrity: sha512-UXWMKhLOwVKb728IUtQPXxfYU+usdybtUrK/8uGE8CQMvrhOpwvzDBwj0QhSL7MQc7vIsISBG8VQ8+IDQxpfQA==}
    engines: {node: '>=0.10.0'}

  svelte-check@4.7.6:
    resolution: {integrity: sha512-t2scM//ZuVbSY/T2w6FSBw1v9s2NEmh/g+sy1lqtosW5ylBV5AF4wFb1Ts9Kf3MbfPDUDJDZ9L436YT0SPTdvw==}
    engines: {node: '>= 18.0.0'}
    hasBin: true
    peerDependencies:
      svelte: ^4.0.0 || ^5.0.0-next.0
      typescript: ^5.0.0 || ^6.0.0

  svelte@5.57.1:
    resolution: {integrity: sha512-Uqj49lWKB+iSSnneuwiYYJ7MZgkB+eXr0LXBhv4uDuAkXqnWmq65Sxflfvp0Lc6MdKjMUxGaeOKWJqz5SNiVIA==}
    engines: {node: '>=18'}

  tinyglobby@0.2.17:
    resolution: {integrity: sha512-wXR/dYpcqKmfWpEdZjiKJOwCNFndD0DMnrW/cYjVGttEkBfVgcLFHoNrlj47mjOVic9yyNu65alsgF4NQyTa2g==}
    engines: {node: '>=12.0.0'}

  totalist@3.0.1:
    resolution: {integrity: sha512-sf4i37nQ2LBx4m3wB74y+ubopq6W/dIzXg0FDGjsYnZHVa1Da8FH853wlL2gtUhg+xJXjfk3kUZS3BRoQeoQBQ==}
    engines: {node: '>=6'}

  typescript@5.9.3:
    resolution: {integrity: sha512-jl1vZzPDinLr9eUt3J/t7V6FgNEw9QjvBPdysz9KfQDD41fQrC2Y4vKQdiaUpFT4bXlb1RHhLpp8wtm6M5TgSw==}
    engines: {node: '>=14.17'}
    hasBin: true

  undici-types@6.21.0:
    resolution: {integrity: sha512-iwDZqg0QAGrg9Rav5H4n0M64c3mkR59cJ6wQp+7C4nI0gsmExaedaYLNO44eT4AtBBwjbTiGPMlt2Md0T9H9JQ==}

  vite@7.3.6:
    resolution: {integrity: sha512-4XP60spRGjSZFf1qYH+dJIkK2znL3zQfl9KkOV9MkkRR/3Dls0dxaBsQPTloEc5BLXWPL9vsOxopxyKoMmDueg==}
    engines: {node: ^20.19.0 || >=22.12.0}
    hasBin: true
    peerDependencies:
      '@types/node': ^20.19.0 || >=22.12.0
      jiti: '>=1.21.0'
      less: ^4.0.0
      lightningcss: ^1.21.0
      sass: ^1.70.0
      sass-embedded: ^1.70.0
      stylus: '>=0.54.8'
      sugarss: ^5.0.0
      terser: ^5.16.0
      tsx: ^4.8.1
      yaml: ^2.4.2
    peerDependenciesMeta:
      '@types/node':
        optional: true
      jiti:
        optional: true
      less:
        optional: true
      lightningcss:
        optional: true
      sass:
        optional: true
      sass-embedded:
        optional: true
      stylus:
        optional: true
      sugarss:
        optional: true
      terser:
        optional: true
      tsx:
        optional: true
      yaml:
        optional: true

  vitefu@1.1.3:
    resolution: {integrity: sha512-ub4okH7Z5KLjb6hDyjqrGXqWtWvoYdU3IGm/NorpgHncKoLTCfRIbvlhBm7r0YstIaQRYlp4yEbFqDcKSzXSSg==}
    peerDependencies:
      vite: ^3.0.0 || ^4.0.0 || ^5.0.0 || ^6.0.0 || ^7.0.0 || ^8.0.0
    peerDependenciesMeta:
      vite:
        optional: true

  zimmerframe@1.1.5:
    resolution: {integrity: sha512-msJxIvYDYcoNL+PJsu+7qmpDWsYmAxTY+2TNYXXF0hzBzBk0BMecOqDOG/EckUoKCuKwObfbugIl8QpqHDXeFA==}

snapshots:

  '@alis-is/starlight@https://codeload.github.com/alis-is/starlight/tar.gz/fa5483fdce64acb0b340c99e4d6cafe71654f981(svelte@5.57.1)':
    dependencies:
      svelte: 5.57.1

  '@esbuild/aix-ppc64@0.28.2':
    optional: true

  '@esbuild/android-arm64@0.28.2':
    optional: true

  '@esbuild/android-arm@0.28.2':
    optional: true

  '@esbuild/android-x64@0.28.2':
    optional: true

  '@esbuild/darwin-arm64@0.28.2':
    optional: true

  '@esbuild/darwin-x64@0.28.2':
    optional: true

  '@esbuild/freebsd-arm64@0.28.2':
    optional: true

  '@esbuild/freebsd-x64@0.28.2':
    optional: true

  '@esbuild/linux-arm64@0.28.2':
    optional: true

  '@esbuild/linux-arm@0.28.2':
    optional: true

  '@esbuild/linux-ia32@0.28.2':
    optional: true

  '@esbuild/linux-loong64@0.28.2':
    optional: true

  '@esbuild/linux-mips64el@0.28.2':
    optional: true

  '@esbuild/linux-ppc64@0.28.2':
    optional: true

  '@esbuild/linux-riscv64@0.28.2':
    optional: true

  '@esbuild/linux-s390x@0.28.2':
    optional: true

  '@esbuild/linux-x64@0.28.2':
    optional: true

  '@esbuild/netbsd-arm64@0.28.2':
    optional: true

  '@esbuild/netbsd-x64@0.28.2':
    optional: true

  '@esbuild/openbsd-arm64@0.28.2':
    optional: true

  '@esbuild/openbsd-x64@0.28.2':
    optional: true

  '@esbuild/openharmony-arm64@0.28.2':
    optional: true

  '@esbuild/sunos-x64@0.28.2':
    optional: true

  '@esbuild/win32-arm64@0.28.2':
    optional: true

  '@esbuild/win32-ia32@0.28.2':
    optional: true

  '@esbuild/win32-x64@0.28.2':
    optional: true

  '@jridgewell/gen-mapping@0.3.13':
    dependencies:
      '@jridgewell/sourcemap-codec': 1.6.0
      '@jridgewell/trace-mapping': 0.3.31

  '@jridgewell/remapping@2.3.5':
    dependencies:
      '@jridgewell/gen-mapping': 0.3.13
      '@jridgewell/trace-mapping': 0.3.31

  '@jridgewell/resolve-uri@3.1.2': {}

  '@jridgewell/sourcemap-codec@1.6.0': {}

  '@jridgewell/trace-mapping@0.3.31':
    dependencies:
      '@jridgewell/resolve-uri': 3.1.2
      '@jridgewell/sourcemap-codec': 1.6.0

  '@napi-rs/lzma-linux-x64-gnu@1.5.1':
    optional: true

  '@parcel/watcher-android-arm64@2.6.0':
    optional: true

  '@parcel/watcher-darwin-arm64@2.6.0':
    optional: true

  '@parcel/watcher-darwin-x64@2.6.0':
    optional: true

  '@parcel/watcher-freebsd-x64@2.6.0':
    optional: true

  '@parcel/watcher-linux-arm-glibc@2.6.0':
    optional: true

  '@parcel/watcher-linux-arm-musl@2.6.0':
    optional: true

  '@parcel/watcher-linux-arm64-glibc@2.6.0':
    optional: true

  '@parcel/watcher-linux-arm64-musl@2.6.0':
    optional: true

  '@parcel/watcher-linux-x64-glibc@2.6.0':
    optional: true

  '@parcel/watcher-linux-x64-musl@2.6.0':
    optional: true

  '@parcel/watcher-win32-arm64@2.6.0':
    optional: true

  '@parcel/watcher-win32-x64@2.6.0':
    optional: true

  '@parcel/watcher@2.6.0':
    dependencies:
      detect-libc: 2.1.2
      is-glob: 4.0.3
      node-addon-api: 7.1.1
      picomatch: 4.0.7
    optionalDependencies:
      '@parcel/watcher-android-arm64': 2.6.0
      '@parcel/watcher-darwin-arm64': 2.6.0
      '@parcel/watcher-darwin-x64': 2.6.0
      '@parcel/watcher-freebsd-x64': 2.6.0
      '@parcel/watcher-linux-arm-glibc': 2.6.0
      '@parcel/watcher-linux-arm-musl': 2.6.0
      '@parcel/watcher-linux-arm64-glibc': 2.6.0
      '@parcel/watcher-linux-arm64-musl': 2.6.0
      '@parcel/watcher-linux-x64-glibc': 2.6.0
      '@parcel/watcher-linux-x64-musl': 2.6.0
      '@parcel/watcher-win32-arm64': 2.6.0
      '@parcel/watcher-win32-x64': 2.6.0
    optional: true

  '@polka/url@1.0.0-next.29': {}

  '@rollup/rollup-android-arm-eabi@4.63.4':
    optional: true

  '@rollup/rollup-android-arm64@4.63.4':
    optional: true

  '@rollup/rollup-darwin-arm64@4.63.4':
    optional: true

  '@rollup/rollup-darwin-x64@4.63.4':
    optional: true

  '@rollup/rollup-freebsd-arm64@4.63.4':
    optional: true

  '@rollup/rollup-freebsd-x64@4.63.4':
    optional: true

  '@rollup/rollup-linux-arm-gnueabihf@4.63.4':
    optional: true

  '@rollup/rollup-linux-arm-musleabihf@4.63.4':
    optional: true

  '@rollup/rollup-linux-arm64-gnu@4.63.4':
    optional: true

  '@rollup/rollup-linux-arm64-musl@4.63.4':
    optional: true

  '@rollup/rollup-linux-loong64-gnu@4.63.4':
    optional: true

  '@rollup/rollup-linux-loong64-musl@4.63.4':
    optional: true

  '@rollup/rollup-linux-ppc64-gnu@4.63.4':
    optional: true

  '@rollup/rollup-linux-ppc64-musl@4.63.4':
    optional: true

  '@rollup/rollup-linux-riscv64-gnu@4.63.4':
    optional: true

  '@rollup/rollup-linux-riscv64-musl@4.63.4':
    optional: true

  '@rollup/rollup-linux-s390x-gnu@4.63.4':
    optional: true

  '@rollup/rollup-linux-x64-gnu@4.63.4':
    optional: true

  '@rollup/rollup-linux-x64-musl@4.63.4':
    optional: true

  '@rollup/rollup-openbsd-x64@4.63.4':
    optional: true

  '@rollup/rollup-openharmony-arm64@4.63.4':
    optional: true

  '@rollup/rollup-win32-arm64-msvc@4.63.4':
    optional: true

  '@rollup/rollup-win32-ia32-msvc@4.63.4':
    optional: true

  '@rollup/rollup-win32-x64-gnu@4.63.4':
    optional: true

  '@rollup/rollup-win32-x64-msvc@4.63.4':
    optional: true

  '@standard-schema/spec@1.1.0': {}

  '@sveltejs/acorn-typescript@1.0.13(acorn@8.18.0)':
    dependencies:
      acorn: 8.18.0

  '@sveltejs/adapter-static@3.0.10(@sveltejs/kit@2.70.3(@sveltejs/vite-plugin-svelte@6.2.4(svelte@5.57.1)(vite@7.3.6(@types/node@22.20.4)(sass@1.104.1)))(svelte@5.57.1)(typescript@5.9.3)(vite@7.3.6(@types/node@22.20.4)(sass@1.104.1)))':
    dependencies:
      '@sveltejs/kit': 2.70.3(@sveltejs/vite-plugin-svelte@6.2.4(svelte@5.57.1)(vite@7.3.6(@types/node@22.20.4)(sass@1.104.1)))(svelte@5.57.1)(typescript@5.9.3)(vite@7.3.6(@types/node@22.20.4)(sass@1.104.1))

  '@sveltejs/kit@2.70.3(@sveltejs/vite-plugin-svelte@6.2.4(svelte@5.57.1)(vite@7.3.6(@types/node@22.20.4)(sass@1.104.1)))(svelte@5.57.1)(typescript@5.9.3)(vite@7.3.6(@types/node@22.20.4)(sass@1.104.1))':
    dependencies:
      '@standard-schema/spec': 1.1.0
      '@sveltejs/acorn-typescript': 1.0.13(acorn@8.18.0)
      '@sveltejs/vite-plugin-svelte': 6.2.4(svelte@5.57.1)(vite@7.3.6(@types/node@22.20.4)(sass@1.104.1))
      '@types/cookie': 0.6.0
      acorn: 8.18.0
      cookie: 0.6.0
      devalue: 5.9.4
      esm-env: 1.2.2
      kleur: 4.1.5
      magic-string: 0.30.21
      mrmime: 2.0.1
      set-cookie-parser: 3.1.2
      sirv: 3.0.2
      svelte: 5.57.1
      vite: 7.3.6(@types/node@22.20.4)(sass@1.104.1)
    optionalDependencies:
      typescript: 5.9.3

  '@sveltejs/load-config@0.2.3': {}

  '@sveltejs/vite-plugin-svelte-inspector@5.0.2(@sveltejs/vite-plugin-svelte@6.2.4(svelte@5.57.1)(vite@7.3.6(@types/node@22.20.4)(sass@1.104.1)))(svelte@5.57.1)(vite@7.3.6(@types/node@22.20.4)(sass@1.104.1))':
    dependencies:
      '@sveltejs/vite-plugin-svelte': 6.2.4(svelte@5.57.1)(vite@7.3.6(@types/node@22.20.4)(sass@1.104.1))
      obug: 2.2.1
      svelte: 5.57.1
      vite: 7.3.6(@types/node@22.20.4)(sass@1.104.1)

  '@sveltejs/vite-plugin-svelte@6.2.4(svelte@5.57.1)(vite@7.3.6(@types/node@22.20.4)(sass@1.104.1))':
    dependencies:
      '@sveltejs/vite-plugin-svelte-inspector': 5.0.2(@sveltejs/vite-plugin-svelte@6.2.4(svelte@5.57.1)(vite@7.3.6(@types/node@22.20.4)(sass@1.104.1)))(svelte@5.57.1)(vite@7.3.6(@types/node@22.20.4)(sass@1.104.1))
      deepmerge: 4.3.1
      magic-string: 0.30.21
      obug: 2.2.1
      svelte: 5.57.1
      vite: 7.3.6(@types/node@22.20.4)(sass@1.104.1)
      vitefu: 1.1.3(vite@7.3.6(@types/node@22.20.4)(sass@1.104.1))

  '@types/cookie@0.6.0': {}

  '@types/estree@1.0.9': {}

  '@types/node@22.20.4':
    dependencies:
      undici-types: 6.21.0

  acorn@8.18.0: {}

  aria-query@5.3.1: {}

  axobject-query@4.1.0: {}

  chokidar@4.0.3:
    dependencies:
      readdirp: 4.1.2

  chokidar@5.0.0:
    dependencies:
      readdirp: 5.1.1

  clsx@2.1.1: {}

  cookie@0.6.0: {}

  deepmerge@4.3.1: {}

  detect-libc@2.1.2:
    optional: true

  devalue@5.9.4: {}

  esbuild@0.28.2:
    optionalDependencies:
      '@esbuild/aix-ppc64': 0.28.2
      '@esbuild/android-arm': 0.28.2
      '@esbuild/android-arm64': 0.28.2
      '@esbuild/android-x64': 0.28.2
      '@esbuild/darwin-arm64': 0.28.2
      '@esbuild/darwin-x64': 0.28.2
      '@esbuild/freebsd-arm64': 0.28.2
      '@esbuild/freebsd-x64': 0.28.2
      '@esbuild/linux-arm': 0.28.2
      '@esbuild/linux-arm64': 0.28.2
      '@esbuild/linux-ia32': 0.28.2
      '@esbuild/linux-loong64': 0.28.2
      '@esbuild/linux-mips64el': 0.28.2
      '@esbuild/linux-ppc64': 0.28.2
      '@esbuild/linux-riscv64': 0.28.2
      '@esbuild/linux-s390x': 0.28.2
      '@esbuild/linux-x64': 0.28.2
      '@esbuild/netbsd-arm64': 0.28.2
      '@esbuild/netbsd-x64': 0.28.2
      '@esbuild/openbsd-arm64': 0.28.2
      '@esbuild/openbsd-x64': 0.28.2
      '@esbuild/openharmony-arm64': 0.28.2
      '@esbuild/sunos-x64': 0.28.2
      '@esbuild/win32-arm64': 0.28.2
      '@esbuild/win32-ia32': 0.28.2
      '@esbuild/win32-x64': 0.28.2

  esm-env@1.2.2: {}

  esrap@2.3.7:
    dependencies:
      '@jridgewell/sourcemap-codec': 1.6.0

  fdir@6.5.0(picomatch@4.0.7):
    optionalDependencies:
      picomatch: 4.0.7

  fsevents@2.3.3:
    optional: true

  immutable@5.1.9: {}

  is-extglob@2.1.1:
    optional: true

  is-glob@4.0.3:
    dependencies:
      is-extglob: 2.1.1
    optional: true

  is-reference@3.0.3:
    dependencies:
      '@types/estree': 1.0.9

  kleur@4.1.5: {}

  locate-character@3.0.0: {}

  magic-string@0.30.21:
    dependencies:
      '@jridgewell/sourcemap-codec': 1.6.0

  marked@17.0.6: {}

  mri@1.2.0: {}

  mrmime@2.0.1: {}

  nanoid@3.3.19: {}

  node-addon-api@7.1.1:
    optional: true

  obug@2.2.1: {}

  picocolors@1.1.1: {}

  picomatch@4.0.7: {}

  postcss@8.5.28:
    dependencies:
      nanoid: 3.3.19
      picocolors: 1.1.1
      source-map-js: 1.2.1

  readdirp@4.1.2: {}

  readdirp@5.1.1: {}

  rollup@4.63.4:
    dependencies:
      '@types/estree': 1.0.9
    optionalDependencies:
      '@napi-rs/lzma-linux-x64-gnu': 1.5.1
      '@rollup/rollup-android-arm-eabi': 4.63.4
      '@rollup/rollup-android-arm64': 4.63.4
      '@rollup/rollup-darwin-arm64': 4.63.4
      '@rollup/rollup-darwin-x64': 4.63.4
      '@rollup/rollup-freebsd-arm64': 4.63.4
      '@rollup/rollup-freebsd-x64': 4.63.4
      '@rollup/rollup-linux-arm-gnueabihf': 4.63.4
      '@rollup/rollup-linux-arm-musleabihf': 4.63.4
      '@rollup/rollup-linux-arm64-gnu': 4.63.4
      '@rollup/rollup-linux-arm64-musl': 4.63.4
      '@rollup/rollup-linux-loong64-gnu': 4.63.4
      '@rollup/rollup-linux-loong64-musl': 4.63.4
      '@rollup/rollup-linux-ppc64-gnu': 4.63.4
      '@rollup/rollup-linux-ppc64-musl': 4.63.4
      '@rollup/rollup-linux-riscv64-gnu': 4.63.4
      '@rollup/rollup-linux-riscv64-musl': 4.63.4
      '@rollup/rollup-linux-s390x-gnu': 4.63.4
      '@rollup/rollup-linux-x64-gnu': 4.63.4
      '@rollup/rollup-linux-x64-musl': 4.63.4
      '@rollup/rollup-openbsd-x64': 4.63.4
      '@rollup/rollup-openharmony-arm64': 4.63.4
      '@rollup/rollup-win32-arm64-msvc': 4.63.4
      '@rollup/rollup-win32-ia32-msvc': 4.63.4
      '@rollup/rollup-win32-x64-gnu': 4.63.4
      '@rollup/rollup-win32-x64-msvc': 4.63.4
      fsevents: 2.3.3

  sade@1.8.1:
    dependencies:
      mri: 1.2.0

  sass@1.104.1:
    dependencies:
      chokidar: 5.0.0
      immutable: 5.1.9
      source-map-js: 1.2.1
    optionalDependencies:
      '@parcel/watcher': 2.6.0

  set-cookie-parser@3.1.2: {}

  sirv@3.0.2:
    dependencies:
      '@polka/url': 1.0.0-next.29
      mrmime: 2.0.1
      totalist: 3.0.1

  source-map-js@1.2.1: {}

  svelte-check@4.7.6(picomatch@4.0.7)(svelte@5.57.1)(typescript@5.9.3):
    dependencies:
      '@jridgewell/trace-mapping': 0.3.31
      '@sveltejs/load-config': 0.2.3
      chokidar: 4.0.3
      fdir: 6.5.0(picomatch@4.0.7)
      picocolors: 1.1.1
      sade: 1.8.1
      svelte: 5.57.1
      typescript: 5.9.3
    transitivePeerDependencies:
      - picomatch

  svelte@5.57.1:
    dependencies:
      '@jridgewell/remapping': 2.3.5
      '@jridgewell/sourcemap-codec': 1.6.0
      '@sveltejs/acorn-typescript': 1.0.13(acorn@8.18.0)
      '@types/estree': 1.0.9
      acorn: 8.18.0
      aria-query: 5.3.1
      axobject-query: 4.1.0
      clsx: 2.1.1
      devalue: 5.9.4
      esm-env: 1.2.2
      esrap: 2.3.7
      is-reference: 3.0.3
      locate-character: 3.0.0
      magic-string: 0.30.21
      zimmerframe: 1.1.5
    transitivePeerDependencies:
      - '@typescript-eslint/types'

  tinyglobby@0.2.17:
    dependencies:
      fdir: 6.5.0(picomatch@4.0.7)
      picomatch: 4.0.7

  totalist@3.0.1: {}

  typescript@5.9.3: {}

  undici-types@6.21.0: {}

  vite@7.3.6(@types/node@22.20.4)(sass@1.104.1):
    dependencies:
      esbuild: 0.28.2
      fdir: 6.5.0(picomatch@4.0.7)
      picomatch: 4.0.7
      postcss: 8.5.28
      rollup: 4.63.4
      tinyglobby: 0.2.17
    optionalDependencies:
      '@types/node': 22.20.4
      fsevents: 2.3.3
      sass: 1.104.1

  vitefu@1.1.3(vite@7.3.6(@types/node@22.20.4)(sass@1.104.1)):
    optionalDependencies:
      vite: 7.3.6(@types/node@22.20.4)(sass@1.104.1)

  zimmerframe@1.1.5: {}
